
Microsoft Visual Studio Solution File, Format Version 12.00
# Visual Studio Version 17
VisualStudioVersion = 17.10.35027.167
MinimumVisualStudioVersion = 10.0.40219.1
Project("{FAE04EC0-301F-11D3-BF4B-00C04F79EFBC}") = "UFSCAR.MLP.NET", "UFSCAR.MLP.NET.csproj", "{553FF614-1022-4D9F-8F86-DEF65003A527}"
EndProject
Global
	GlobalSection(SolutionConfigurationPlatforms) = preSolution
		Debug|Any CPU = Debug|Any CPU
		Release|Any CPU = Release|Any CPU
	EndGlobalSection
	GlobalSection(ProjectConfigurationPlatforms) = postSolution
		{553FF614-1022-4D9F-8F86-DEF65003A527}.Debug|Any CPU.ActiveCfg = Debug|Any CPU
		{553FF614-1022-4D9F-8F86-DEF65003A527}.Debug|Any CPU.Build.0 = Debug|Any CPU
		{553FF614-1022-4D9F-8F86-DEF65003A527}.Release|Any CPU.ActiveCfg = Release|Any CPU
		{553FF614-1022-4D9F-8F86-DEF65003A527}.Release|Any CPU.Build.0 = Release|Any CPU
	EndGlobalSection
	GlobalSection(SolutionProperties) = preSolution
		HideSolutionNode = FALSE
	EndGlobalSection
	GlobalSection(ExtensibilityGlobals) = postSolution
		SolutionGuid = {74347723-5E2E-4ABA-AA14-731A2A5ECCEA}
	EndGlobalSection
EndGlobal
